// !$*UTF8*$!
{
	archiveVersion = 1;
	classes = {
	};
	objectVersion = 46;
	objects = {

/* Begin PBXBuildFile section */
		DA51C29F5600054713514089 /* Pods_GroceryReceipts.framework in Frameworks */ = {isa = PBXBuildFile; fileRef = 75A5DC02515CE1F862EF9E45 /* Pods_GroceryReceipts.framework */; };
		F6B37CD21E5A091700977A24 /* AppDelegate.swift in Sources */ = {isa = PBXBuildFile; fileRef = F6B37CD11E5A091700977A24 /* AppDelegate.swift */; };
		F6B37CD41E5A091700977A24 /* ScannerViewController.swift in Sources */ = {isa = PBXBuildFile; fileRef = F6B37CD31E5A091700977A24 /* ScannerViewController.swift */; };
		F6B37CD91E5A091700977A24 /* Assets.xcassets in Resources */ = {isa = PBXBuildFile; fileRef = F6B37CD81E5A091700977A24 /* Assets.xcassets */; };
		F6B37CDC1E5A091700977A24 /* LaunchScreen.storyboard in Resources */ = {isa = PBXBuildFile; fileRef = F6B37CDA1E5A091700977A24 /* LaunchScreen.storyboard */; };
		F6B37CE71E5A091700977A24 /* GroceryReceiptsTests.swift in Sources */ = {isa = PBXBuildFile; fileRef = F6B37CE61E5A091700977A24 /* GroceryReceiptsTests.swift */; };
		F6B37CF21E5A0AB700977A24 /* TabNavController.swift in Sources */ = {isa = PBXBuildFile; fileRef = F6B37CF11E5A0AB700977A24 /* TabNavController.swift */; };
		F6B37CF51E5A0C4400977A24 /* CameraController.swift in Sources */ = {isa = PBXBuildFile; fileRef = F6B37CF41E5A0C4400977A24 /* CameraController.swift */; };
/* End PBXBuildFile section */

/* Begin PBXContainerItemProxy section */
		F6B37CE31E5A091700977A24 /* PBXContainerItemProxy */ = {
			isa = PBXContainerItemProxy;
			containerPortal = F6B37CC61E5A091700977A24 /* Project object */;
			proxyType = 1;
			remoteGlobalIDString = F6B37CCD1E5A091700977A24;
			remoteInfo = GroceryReceipts;
		};
/* End PBXContainerItemProxy section */

/* Begin PBXFileReference section */
		2B9827BAAD19D10C45B43EE4 /* Pods-GroceryReceipts.release.xcconfig */ = {isa = PBXFileReference; includeInIndex = 1; lastKnownFileType = text.xcconfig; name = "Pods-GroceryReceipts.release.xcconfig"; path = "Pods/Target Support Files/Pods-GroceryReceipts/Pods-GroceryReceipts.release.xcconfig"; sourceTree = "<group>"; };
		75A5DC02515CE1F862EF9E45 /* Pods_GroceryReceipts.framework */ = {isa = PBXFileReference; explicitFileType = wrapper.framework; includeInIndex = 0; path = Pods_GroceryReceipts.framework; sourceTree = BUILT_PRODUCTS_DIR; };
		F6B37CCE1E5A091700977A24 /* GroceryReceipts.app */ = {isa = PBXFileReference; explicitFileType = wrapper.application; includeInIndex = 0; path = GroceryReceipts.app; sourceTree = BUILT_PRODUCTS_DIR; };
		F6B37CD11E5A091700977A24 /* AppDelegate.swift */ = {isa = PBXFileReference; lastKnownFileType = sourcecode.swift; path = AppDelegate.swift; sourceTree = "<group>"; };
		F6B37CD31E5A091700977A24 /* ScannerViewController.swift */ = {isa = PBXFileReference; lastKnownFileType = sourcecode.swift; path = ScannerViewController.swift; sourceTree = "<group>"; };
		F6B37CD81E5A091700977A24 /* Assets.xcassets */ = {isa = PBXFileReference; lastKnownFileType = folder.assetcatalog; path = Assets.xcassets; sourceTree = "<group>"; };
		F6B37CDB1E5A091700977A24 /* Base */ = {isa = PBXFileReference; lastKnownFileType = file.storyboard; name = Base; path = Base.lproj/LaunchScreen.storyboard; sourceTree = "<group>"; };
		F6B37CDD1E5A091700977A24 /* Info.plist */ = {isa = PBXFileReference; lastKnownFileType = text.plist.xml; path = Info.plist; sourceTree = "<group>"; };
		F6B37CE21E5A091700977A24 /* GroceryReceiptsTests.xctest */ = {isa = PBXFileReference; explicitFileType = wrapper.cfbundle; includeInIndex = 0; path = GroceryReceiptsTests.xctest; sourceTree = BUILT_PRODUCTS_DIR; };
		F6B37CE61E5A091700977A24 /* GroceryReceiptsTests.swift */ = {isa = PBXFileReference; lastKnownFileType = sourcecode.swift; path = GroceryReceiptsTests.swift; sourceTree = "<group>"; };
		F6B37CE81E5A091700977A24 /* Info.plist */ = {isa = PBXFileReference; lastKnownFileType = text.plist.xml; path = Info.plist; sourceTree = "<group>"; };
		F6B37CF11E5A0AB700977A24 /* TabNavController.swift */ = {isa = PBXFileReference; fileEncoding = 4; lastKnownFileType = sourcecode.swift; path = TabNavController.swift; sourceTree = "<group>"; };
		F6B37CF41E5A0C4400977A24 /* CameraController.swift */ = {isa = PBXFileReference; fileEncoding = 4; lastKnownFileType = sourcecode.swift; path = CameraController.swift; sourceTree = "<group>"; };
		FE1C20E90E2150A91239531A /* Pods-GroceryReceipts.debug.xcconfig */ = {isa = PBXFileReference; includeInIndex = 1; lastKnownFileType = text.xcconfig; name = "Pods-GroceryReceipts.debug.xcconfig"; path = "Pods/Target Support Files/Pods-GroceryReceipts/Pods-GroceryReceipts.debug.xcconfig"; sourceTree = "<group>"; };
/* End PBXFileReference section */

/* Begin PBXFrameworksBuildPhase section */
		F6B37CCB1E5A091700977A24 /* Frameworks */ = {
			isa = PBXFrameworksBuildPhase;
			buildActionMask = 2147483647;
			files = (
				DA51C29F5600054713514089 /* Pods_GroceryReceipts.framework in Frameworks */,
			);
			runOnlyForDeploymentPostprocessing = 0;
		};
		F6B37CDF1E5A091700977A24 /* Frameworks */ = {
			isa = PBXFrameworksBuildPhase;
			buildActionMask = 2147483647;
			files = (
			);
			runOnlyForDeploymentPostprocessing = 0;
		};
/* End PBXFrameworksBuildPhase section */

/* Begin PBXGroup section */
		5AD34F6D18EEE4BD7D7DB638 /* Pods */ = {
			isa = PBXGroup;
			children = (
				FE1C20E90E2150A91239531A /* Pods-GroceryReceipts.debug.xcconfig */,
				2B9827BAAD19D10C45B43EE4 /* Pods-GroceryReceipts.release.xcconfig */,
			);
			name = Pods;
			sourceTree = "<group>";
		};
		EE8CB8A44F0CABB124722C0B /* Frameworks */ = {
			isa = PBXGroup;
			children = (
				75A5DC02515CE1F862EF9E45 /* Pods_GroceryReceipts.framework */,
			);
			name = Frameworks;
			sourceTree = "<group>";
		};
		F6B37CC51E5A091700977A24 = {
			isa = PBXGroup;
			children = (
				F6B37CD01E5A091700977A24 /* GroceryReceipts */,
				F6B37CE51E5A091700977A24 /* GroceryReceiptsTests */,
				F6B37CCF1E5A091700977A24 /* Products */,
				5AD34F6D18EEE4BD7D7DB638 /* Pods */,
				EE8CB8A44F0CABB124722C0B /* Frameworks */,
			);
			sourceTree = "<group>";
		};
		F6B37CCF1E5A091700977A24 /* Products */ = {
			isa = PBXGroup;
			children = (
				F6B37CCE1E5A091700977A24 /* GroceryReceipts.app */,
				F6B37CE21E5A091700977A24 /* GroceryReceiptsTests.xctest */,
			);
			name = Products;
			sourceTree = "<group>";
		};
		F6B37CD01E5A091700977A24 /* GroceryReceipts */ = {
			isa = PBXGroup;
			children = (
				F6B37CF31E5A0C3900977A24 /* Scanner */,
				F6B37CD11E5A091700977A24 /* AppDelegate.swift */,
				F6B37CF11E5A0AB700977A24 /* TabNavController.swift */,
				F6B37CD81E5A091700977A24 /* Assets.xcassets */,
				F6B37CDA1E5A091700977A24 /* LaunchScreen.storyboard */,
				F6B37CDD1E5A091700977A24 /* Info.plist */,
			);
			path = GroceryReceipts;
			sourceTree = "<group>";
		};
		F6B37CE51E5A091700977A24 /* GroceryReceiptsTests */ = {
			isa = PBXGroup;
			children = (
				F6B37CE61E5A091700977A24 /* GroceryReceiptsTests.swift */,
				F6B37CE81E5A091700977A24 /* Info.plist */,
			);
			path = GroceryReceiptsTests;
			sourceTree = "<group>";
		};
		F6B37CF31E5A0C3900977A24 /* Scanner */ = {
			isa = PBXGroup;
			children = (
				F6B37CD31E5A091700977A24 /* ScannerViewController.swift */,
				F6B37CF41E5A0C4400977A24 /* CameraController.swift */,
			);
			name = Scanner;
			sourceTree = "<group>";
		};
/* End PBXGroup section */

/* Begin PBXNativeTarget section */
		F6B37CCD1E5A091700977A24 /* GroceryReceipts */ = {
			isa = PBXNativeTarget;
			buildConfigurationList = F6B37CEB1E5A091700977A24 /* Build configuration list for PBXNativeTarget "GroceryReceipts" */;
			buildPhases = (
				6CA731DBBA7EB9BF935D3FAA /* [CP] Check Pods Manifest.lock */,
				F6B37CCA1E5A091700977A24 /* Sources */,
				F6B37CCB1E5A091700977A24 /* Frameworks */,
				F6B37CCC1E5A091700977A24 /* Resources */,
				8EEB55DA5A170D08397DD601 /* [CP] Embed Pods Frameworks */,
				0CFA39D673F51E266A61376E /* [CP] Copy Pods Resources */,
			);
			buildRules = (
			);
			dependencies = (
			);
			name = GroceryReceipts;
			productName = GroceryReceipts;
			productReference = F6B37CCE1E5A091700977A24 /* GroceryReceipts.app */;
			productType = "com.apple.product-type.application";
		};
		F6B37CE11E5A091700977A24 /* GroceryReceiptsTests */ = {
			isa = PBXNativeTarget;
			buildConfigurationList = F6B37CEE1E5A091700977A24 /* Build configuration list for PBXNativeTarget "GroceryReceiptsTests" */;
			buildPhases = (
				F6B37CDE1E5A091700977A24 /* Sources */,
				F6B37CDF1E5A091700977A24 /* Frameworks */,
				F6B37CE01E5A091700977A24 /* Resources */,
			);
			buildRules = (
			);
			dependencies = (
				F6B37CE41E5A091700977A24 /* PBXTargetDependency */,
			);
			name = GroceryReceiptsTests;
			productName = GroceryReceiptsTests;
			productReference = F6B37CE21E5A091700977A24 /* GroceryReceiptsTests.xctest */;
			productType = "com.apple.product-type.bundle.unit-test";
		};
/* End PBXNativeTarget section */

/* Begin PBXProject section */
		F6B37CC61E5A091700977A24 /* Project object */ = {
			isa = PBXProject;
			attributes = {
				LastSwiftUpdateCheck = 0820;
				LastUpgradeCheck = 0820;
				ORGANIZATIONNAME = "Kevin Taniguchi";
				TargetAttributes = {
					F6B37CCD1E5A091700977A24 = {
						CreatedOnToolsVersion = 8.2.1;
						DevelopmentTeam = 3B3FT42G96;
						ProvisioningStyle = Automatic;
					};
					F6B37CE11E5A091700977A24 = {
						CreatedOnToolsVersion = 8.2.1;
						DevelopmentTeam = RWN6XKB9UX;
						ProvisioningStyle = Automatic;
						TestTargetID = F6B37CCD1E5A091700977A24;
					};
				};
			};
			buildConfigurationList = F6B37CC91E5A091700977A24 /* Build configuration list for PBXProject "GroceryReceipts" */;
			compatibilityVersion = "Xcode 3.2";
			developmentRegion = English;
			hasScannedForEncodings = 0;
			knownRegions = (
				en,
				Base,
			);
			mainGroup = F6B37CC51E5A091700977A24;
			productRefGroup = F6B37CCF1E5A091700977A24 /* Products */;
			projectDirPath = "";
			projectRoot = "";
			targets = (
				F6B37CCD1E5A091700977A24 /* GroceryReceipts */,
				F6B37CE11E5A091700977A24 /* GroceryReceiptsTests */,
			);
		};
/* End PBXProject section */

/* Begin PBXResourcesBuildPhase section */
		F6B37CCC1E5A091700977A24 /* Resources */ = {
			isa = PBXResourcesBuildPhase;
			buildActionMask = 2147483647;
			files = (
				F6B37CDC1E5A091700977A24 /* LaunchScreen.storyboard in Resources */,
				F6B37CD91E5A091700977A24 /* Assets.xcassets in Resources */,
			);
			runOnlyForDeploymentPostprocessing = 0;
		};
		F6B37CE01E5A091700977A24 /* Resources */ = {
			isa = PBXResourcesBuildPhase;
			buildActionMask = 2147483647;
			files = (
			);
			runOnlyForDeploymentPostprocessing = 0;
		};
/* End PBXResourcesBuildPhase section */

/* Begin PBXShellScriptBuildPhase section */
		0CFA39D673F51E266A61376E /* [CP] Copy Pods Resources */ = {
			isa = PBXShellScriptBuildPhase;
			buildActionMask = 2147483647;
			files = (
			);
			inputPaths = (
			);
			name = "[CP] Copy Pods Resources";
			outputPaths = (
			);
			runOnlyForDeploymentPostprocessing = 0;
			shellPath = /bin/sh;
			shellScript = "\"${SRCROOT}/Pods/Target Support Files/Pods-GroceryReceipts/Pods-GroceryReceipts-resources.sh\"\n";
			showEnvVarsInLog = 0;
		};
		6CA731DBBA7EB9BF935D3FAA /* [CP] Check Pods Manifest.lock */ = {
			isa = PBXShellScriptBuildPhase;
			buildActionMask = 2147483647;
			files = (
			);
			inputPaths = (
			);
			name = "[CP] Check Pods Manifest.lock";
			outputPaths = (
			);
			runOnlyForDeploymentPostprocessing = 0;
			shellPath = /bin/sh;
			shellScript = "diff \"${PODS_ROOT}/../Podfile.lock\" \"${PODS_ROOT}/Manifest.lock\" > /dev/null\nif [ $? != 0 ] ; then\n    # print error to STDERR\n    echo \"error: The sandbox is not in sync with the Podfile.lock. Run 'pod install' or update your CocoaPods installation.\" >&2\n    exit 1\nfi\n";
			showEnvVarsInLog = 0;
		};
		8EEB55DA5A170D08397DD601 /* [CP] Embed Pods Frameworks */ = {
			isa = PBXShellScriptBuildPhase;
			buildActionMask = 2147483647;
			files = (
			);
			inputPaths = (
			);
			name = "[CP] Embed Pods Frameworks";
			outputPaths = (
			);
			runOnlyForDeploymentPostprocessing = 0;
			shellPath = /bin/sh;
			shellScript = "\"${SRCROOT}/Pods/Target Support Files/Pods-GroceryReceipts/Pods-GroceryReceipts-frameworks.sh\"\n";
			showEnvVarsInLog = 0;
		};
/* End PBXShellScriptBuildPhase section */

/* Begin PBXSourcesBuildPhase section */
		F6B37CCA1E5A091700977A24 /* Sources */ = {
			isa = PBXSourcesBuildPhase;
			buildActionMask = 2147483647;
			files = (
				F6B37CD41E5A091700977A24 /* ScannerViewController.swift in Sources */,
				F6B37CD21E5A091700977A24 /* AppDelegate.swift in Sources */,
				F6B37CF51E5A0C4400977A24 /* CameraController.swift in Sources */,
				F6B37CF21E5A0AB700977A24 /* TabNavController.swift in Sources */,
			);
			runOnlyForDeploymentPostprocessing = 0;
		};
		F6B37CDE1E5A091700977A24 /* Sources */ = {
			isa = PBXSourcesBuildPhase;
			buildActionMask = 2147483647;
			files = (
				F6B37CE71E5A091700977A24 /* GroceryReceiptsTests.swift in Sources */,
			);
			runOnlyForDeploymentPostprocessing = 0;
		};
/* End PBXSourcesBuildPhase section */

/* Begin PBXTargetDependency section */
		F6B37CE41E5A091700977A24 /* PBXTargetDependency */ = {
			isa = PBXTargetDependency;
			target = F6B37CCD1E5A091700977A24 /* GroceryReceipts */;
			targetProxy = F6B37CE31E5A091700977A24 /* PBXContainerItemProxy */;
		};
/* End PBXTargetDependency section */

/* Begin PBXVariantGroup section */
		F6B37CDA1E5A091700977A24 /* LaunchScreen.storyboard */ = {
			isa = PBXVariantGroup;
			children = (
				F6B37CDB1E5A091700977A24 /* Base */,
			);
			name = LaunchScreen.storyboard;
			sourceTree = "<group>";
		};
/* End PBXVariantGroup section */

/* Begin XCBuildConfiguration section */
		F6B37CE91E5A091700977A24 /* Debug */ = {
			isa = XCBuildConfiguration;
			buildSettings = {
				ALWAYS_SEARCH_USER_PATHS = NO;
				CLANG_ANALYZER_NONNULL = YES;
				CLANG_CXX_LANGUAGE_STANDARD = "gnu++0x";
				CLANG_CXX_LIBRARY = "libc++";
				CLANG_ENABLE_MODULES = YES;
				CLANG_ENABLE_OBJC_ARC = YES;
				CLANG_WARN_BOOL_CONVERSION = YES;
				CLANG_WARN_CONSTANT_CONVERSION = YES;
				CLANG_WARN_DIRECT_OBJC_ISA_USAGE = YES_ERROR;
				CLANG_WARN_DOCUMENTATION_COMMENTS = YES;
				CLANG_WARN_EMPTY_BODY = YES;
				CLANG_WARN_ENUM_CONVERSION = YES;
				CLANG_WARN_INFINITE_RECURSION = YES;
				CLANG_WARN_INT_CONVERSION = YES;
				CLANG_WARN_OBJC_ROOT_CLASS = YES_ERROR;
				CLANG_WARN_SUSPICIOUS_MOVE = YES;
				CLANG_WARN_UNREACHABLE_CODE = YES;
				CLANG_WARN__DUPLICATE_METHOD_MATCH = YES;
				"CODE_SIGN_IDENTITY[sdk=iphoneos*]" = "iPhone Developer";
				COPY_PHASE_STRIP = NO;
				DEBUG_INFORMATION_FORMAT = dwarf;
				ENABLE_BITCODE = NO;
				ENABLE_STRICT_OBJC_MSGSEND = YES;
				ENABLE_TESTABILITY = YES;
				GCC_C_LANGUAGE_STANDARD = gnu99;
				GCC_DYNAMIC_NO_PIC = NO;
				GCC_NO_COMMON_BLOCKS = YES;
				GCC_OPTIMIZATION_LEVEL = 0;
				GCC_PREPROCESSOR_DEFINITIONS = (
					"DEBUG=1",
					"$(inherited)",
				);
				GCC_WARN_64_TO_32_BIT_CONVERSION = YES;
				GCC_WARN_ABOUT_RETURN_TYPE = YES_ERROR;
				GCC_WARN_UNDECLARED_SELECTOR = YES;
				GCC_WARN_UNINITIALIZED_AUTOS = YES_AGGRESSIVE;
				GCC_WARN_UNUSED_FUNCTION = YES;
				GCC_WARN_UNUSED_VARIABLE = YES;
				IPHONEOS_DEPLOYMENT_TARGET = 10.2;
				MTL_ENABLE_DEBUG_INFO = YES;
				ONLY_ACTIVE_ARCH = YES;
				SDKROOT = iphoneos;
				SWIFT_ACTIVE_COMPILATION_CONDITIONS = DEBUG;
				SWIFT_OPTIMIZATION_LEVEL = "-Onone";
				TARGETED_DEVICE_FAMILY = "1,2";
			};
			name = Debug;
		};
		F6B37CEA1E5A091700977A24 /* Release */ = {
			isa = XCBuildConfiguration;
			buildSettings = {
				ALWAYS_SEARCH_USER_PATHS = NO;
				CLANG_ANALYZER_NONNULL = YES;
				CLANG_CXX_LANGUAGE_STANDARD = "gnu++0x";
				CLANG_CXX_LIBRARY = "libc++";
				CLANG_ENABLE_MODULES = YES;
				CLANG_ENABLE_OBJC_ARC = YES;
				CLANG_WARN_BOOL_CONVERSION = YES;
				CLANG_WARN_CONSTANT_CONVERSION = YES;
				CLANG_WARN_DIRECT_OBJC_ISA_USAGE = YES_ERROR;
				CLANG_WARN_DOCUMENTATION_COMMENTS = YES;
				CLANG_WARN_EMPTY_BODY = YES;
				CLANG_WARN_ENUM_CONVERSION = YES;
				CLANG_WARN_INFINITE_RECURSION = YES;
				CLANG_WARN_INT_CONVERSION = YES;
				CLANG_WARN_OBJC_ROOT_CLASS = YES_ERROR;
				CLANG_WARN_SUSPICIOUS_MOVE = YES;
				CLANG_WARN_UNREACHABLE_CODE = YES;
				CLANG_WARN__DUPLICATE_METHOD_MATCH = YES;
				"CODE_SIGN_IDENTITY[sdk=iphoneos*]" = "iPhone Developer";
				COPY_PHASE_STRIP = NO;
				DEBUG_INFORMATION_FORMAT = "dwarf-with-dsym";
				ENABLE_BITCODE = NO;
				ENABLE_NS_ASSERTIONS = NO;
				ENABLE_STRICT_OBJC_MSGSEND = YES;
				GCC_C_LANGUAGE_STANDARD = gnu99;
				GCC_NO_COMMON_BLOCKS = YES;
				GCC_WARN_64_TO_32_BIT_CONVERSION = YES;
				GCC_WARN_ABOUT_RETURN_TYPE = YES_ERROR;
				GCC_WARN_UNDECLARED_SELECTOR = YES;
				GCC_WARN_UNINITIALIZED_AUTOS = YES_AGGRESSIVE;
				GCC_WARN_UNUSED_FUNCTION = YES;
				GCC_WARN_UNUSED_VARIABLE = YES;
				IPHONEOS_DEPLOYMENT_TARGET = 10.2;
				MTL_ENABLE_DEBUG_INFO = NO;
				SDKROOT = iphoneos;
				SWIFT_OPTIMIZATION_LEVEL = "-Owholemodule";
				TARGETED_DEVICE_FAMILY = "1,2";
				VALIDATE_PRODUCT = YES;
			};
			name = Release;
		};
		F6B37CEC1E5A091700977A24 /* Debug */ = {
			isa = XCBuildConfiguration;
			baseConfigurationReference = FE1C20E90E2150A91239531A /* Pods-GroceryReceipts.debug.xcconfig */;
			buildSettings = {
				ASSETCATALOG_COMPILER_APPICON_NAME = AppIcon;
				DEVELOPMENT_TEAM = 3B3FT42G96;
				ENABLE_BITCODE = NO;
				INFOPLIST_FILE = GroceryReceipts/Info.plist;
				LD_RUNPATH_SEARCH_PATHS = "$(inherited) @executable_path/Frameworks";
				PRODUCT_BUNDLE_IDENTIFIER = com.taniguchi.GroceryReceipts;
				PRODUCT_NAME = "$(TARGET_NAME)";
				SWIFT_VERSION = 3.0;
				TARGETED_DEVICE_FAMILY = 1;
			};
			name = Debug;
		};
		F6B37CED1E5A091700977A24 /* Release */ = {
			isa = XCBuildConfiguration;
			baseConfigurationReference = 2B9827BAAD19D10C45B43EE4 /* Pods-GroceryReceipts.release.xcconfig */;
			buildSettings = {
				ASSETCATALOG_COMPILER_APPICON_NAME = AppIcon;
				DEVELOPMENT_TEAM = 3B3FT42G96;
				ENABLE_BITCODE = NO;
				INFOPLIST_FILE = GroceryReceipts/Info.plist;
				LD_RUNPATH_SEARCH_PATHS = "$(inherited) @executable_path/Frameworks";
				PRODUCT_BUNDLE_IDENTIFIER = com.taniguchi.GroceryReceipts;
				PRODUCT_NAME = "$(TARGET_NAME)";
				SWIFT_VERSION = 3.0;
				TARGETED_DEVICE_FAMILY = 1;
			};
			name = Release;
		};
		F6B37CEF1E5A091700977A24 /* Debug */ = {
			isa = XCBuildConfiguration;
			buildSettings = {
				ALWAYS_EMBED_SWIFT_STANDARD_LIBRARIES = YES;
				BUNDLE_LOADER = "$(TEST_HOST)";
				DEVELOPMENT_TEAM = RWN6XKB9UX;
				INFOPLIST_FILE = GroceryReceiptsTests/Info.plist;
				LD_RUNPATH_SEARCH_PATHS = "$(inherited) @executable_path/Frameworks @loader_path/Frameworks";
				PRODUCT_BUNDLE_IDENTIFIER = com.taniguchi.GroceryReceiptsTests;
				PRODUCT_NAME = "$(TARGET_NAME)";
				SWIFT_VERSION = 3.0;
				TEST_HOST = "$(BUILT_PRODUCTS_DIR)/GroceryReceipts.app/GroceryReceipts";
			};
			name = Debug;
		};
		F6B37CF01E5A091700977A24 /* Release */ = {
			isa = XCBuildConfiguration;
			buildSettings = {
				ALWAYS_EMBED_SWIFT_STANDARD_LIBRARIES = YES;
				BUNDLE_LOADER = "$(TEST_HOST)";
				DEVELOPMENT_TEAM = RWN6XKB9UX;
				INFOPLIST_FILE = GroceryReceiptsTests/Info.plist;
				LD_RUNPATH_SEARCH_PATHS = "$(inherited) @executable_path/Frameworks @loader_path/Frameworks";
				PRODUCT_BUNDLE_IDENTIFIER = com.taniguchi.GroceryReceiptsTests;
				PRODUCT_NAME = "$(TARGET_NAME)";
				SWIFT_VERSION = 3.0;
				TEST_HOST = "$(BUILT_PRODUCTS_DIR)/GroceryReceipts.app/GroceryReceipts";
			};
			name = Release;
		};
/* End XCBuildConfiguration section */

/* Begin XCConfigurationList section */
		F6B37CC91E5A091700977A24 /* Build configuration list for PBXProject "GroceryReceipts" */ = {
			isa = XCConfigurationList;
			buildConfigurations = (
				F6B37CE91E5A091700977A24 /* Debug */,
				F6B37CEA1E5A091700977A24 /* Release */,
			);
			defaultConfigurationIsVisible = 0;
			defaultConfigurationName = Release;
		};
		F6B37CEB1E5A091700977A24 /* Build configuration list for PBXNativeTarget "GroceryReceipts" */ = {
			isa = XCConfigurationList;
			buildConfigurations = (
				F6B37CEC1E5A091700977A24 /* Debug */,
				F6B37CED1E5A091700977A24 /* Release */,
			);
			defaultConfigurationIsVisible = 0;
			defaultConfigurationName = Release;
		};
		F6B37CEE1E5A091700977A24 /* Build configuration list for PBXNativeTarget "GroceryReceiptsTests" */ = {
			isa = XCConfigurationList;
			buildConfigurations = (
				F6B37CEF1E5A091700977A24 /* Debug */,
				F6B37CF01E5A091700977A24 /* Release */,
			);
			defaultConfigurationIsVisible = 0;
			defaultConfigurationName = Release;
		};
/* End XCConfigurationList section */
	};
	rootObject = F6B37CC61E5A091700977A24 /* Project object */;
}
